# This file is automatically @generated by Cargo.
# It is not intended for manual editing.
version = 3

[[package]]
name = "k_board"
version = "1.2.1"
source = "registry+https://github.com/rust-lang/crates.io-index"
checksum = "8ebfd510ac0e006205dad39e33df3dc8b2b7106810305b09d43d820732981747"

[[package]]
name = "pong"
version = "0.1.0"
dependencies = [
 "k_board",
]
